
Microsoft Visual Studio Solution File, Format Version 12.00
# Visual Studio Version 17
VisualStudioVersion = 17.9.34723.18
MinimumVisualStudioVersion = 10.0.40219.1
Project("{2150E333-8FDC-42A3-9474-1A3956D46DE8}") = "src", "src", "{FA9B9DCA-8FC9-4366-8C98-2180A004D14B}"
EndProject
Project("{2150E333-8FDC-42A3-9474-1A3956D46DE8}") = "services", "services", "{E3B20FB6-9401-415D-95E5-281B8EB34F12}"
EndProject
Project("{2150E333-8FDC-42A3-9474-1A3956D46DE8}") = "shared", "shared", "{36EA4103-EC77-4875-95D8-69BB42552AB7}"
EndProject
Project("{2150E333-8FDC-42A3-9474-1A3956D46DE8}") = "token-service", "token-service", "{29671074-F9DB-4A6D-AEA5-0C4691F0B24B}"
EndProject
Project("{9A19103F-16F7-4668-BE54-9A1E7A4F7556}") = "SB.Token.Domain", "src\services\token-service\SB.TOKEN.DOMAIN\SB.Token.Domain.csproj", "{B75C86F9-E153-421B-AB6C-2E0D8FDA97B4}"
EndProject
Project("{9A19103F-16F7-4668-BE54-9A1E7A4F7556}") = "SB.Token.Infrastructure", "src\services\token-service\SB.TOKEN.INFRASTRUCTURE\SB.Token.Infrastructure.csproj", "{0ADB37E2-520F-46C0-A297-B7C4CF5DFD4F}"
EndProject
Project("{9A19103F-16F7-4668-BE54-9A1E7A4F7556}") = "SB.Token.Application", "src\services\token-service\SB.TOKEN.APPLICATION\SB.Token.Application.csproj", "{7F8E6358-5928-44A2-94BA-80C7D5FAAD33}"
EndProject
Project("{9A19103F-16F7-4668-BE54-9A1E7A4F7556}") = "SB.Token.Service", "src\services\token-service\SB.TOKEN.SERVICE\SB.Token.Service.csproj", "{2CAB82DB-97E5-4F0D-BA84-E1726AC15617}"
EndProject
Project("{9A19103F-16F7-4668-BE54-9A1E7A4F7556}") = "SB.Commons", "src\shared\SB.COMMONS\SB.Commons.csproj", "{3B3EB403-5BBB-4A30-82E1-7F2520B81968}"
EndProject
Project("{2150E333-8FDC-42A3-9474-1A3956D46DE8}") = "Solution Items", "Solution Items", "{98ACA2BD-492D-4382-9648-FB964C91174F}"
	ProjectSection(SolutionItems) = preProject
		.editorconfig = .editorconfig
	EndProjectSection
EndProject
Project("{9A19103F-16F7-4668-BE54-9A1E7A4F7556}") = "SB.ExceptionHandling", "src\shared\SB.EXCEPTIONHANDLING\SB.ExceptionHandling.csproj", "{EBA260A5-E8DA-4E34-AB80-1523E6B63048}"
EndProject
Project("{2150E333-8FDC-42A3-9474-1A3956D46DE8}") = "ApiGateway", "ApiGateway", "{685C38E6-99C4-4A43-AC45-27191AA34C4D}"
EndProject
Project("{9A19103F-16F7-4668-BE54-9A1E7A4F7556}") = "SB.Gateway", "src\services\ApiGateway\SB.GATEWAY\SB.Gateway.csproj", "{FA887D50-EB9B-4A47-852F-9E6209A26739}"
EndProject
Project("{2150E333-8FDC-42A3-9474-1A3956D46DE8}") = "Entity-service", "Entity-service", "{10474E3F-50C0-47DE-A62C-4D27DAE72BA6}"
EndProject
Project("{9A19103F-16F7-4668-BE54-9A1E7A4F7556}") = "SB.Entity.Domain", "src\services\Entity-service\SB.ENTITY.DOMAIN\SB.Entity.Domain.csproj", "{555A9F3F-509E-4CAB-A569-27C885DA1DFE}"
EndProject
Project("{9A19103F-16F7-4668-BE54-9A1E7A4F7556}") = "SB.Entity.Infrastructure", "src\services\Entity-service\SB.ENTITY.INFRASTRUCTURE\SB.Entity.Infrastructure.csproj", "{3F532F51-485C-4D32-B6C9-3FE161FBF451}"
EndProject
Project("{9A19103F-16F7-4668-BE54-9A1E7A4F7556}") = "SB.Entity.Application", "src\services\Entity-service\SB.ENTITY.APPLICATION\SB.Entity.Application.csproj", "{2A9E6DD0-45F8-4F7D-9A60-2111E30FE7B5}"
EndProject
Project("{9A19103F-16F7-4668-BE54-9A1E7A4F7556}") = "SB.Entity.Service", "src\services\Entity-service\SB.ENTITY.SERVICE\SB.Entity.Service.csproj", "{937AF7AF-8CEA-41D0-8F86-204994A5DE7C}"
EndProject
Global
	GlobalSection(SolutionConfigurationPlatforms) = preSolution
		Debug|Any CPU = Debug|Any CPU
		Release|Any CPU = Release|Any CPU
	EndGlobalSection
	GlobalSection(ProjectConfigurationPlatforms) = postSolution
		{B75C86F9-E153-421B-AB6C-2E0D8FDA97B4}.Debug|Any CPU.ActiveCfg = Debug|Any CPU
		{B75C86F9-E153-421B-AB6C-2E0D8FDA97B4}.Debug|Any CPU.Build.0 = Debug|Any CPU
		{B75C86F9-E153-421B-AB6C-2E0D8FDA97B4}.Release|Any CPU.ActiveCfg = Release|Any CPU
		{B75C86F9-E153-421B-AB6C-2E0D8FDA97B4}.Release|Any CPU.Build.0 = Release|Any CPU
		{0ADB37E2-520F-46C0-A297-B7C4CF5DFD4F}.Debug|Any CPU.ActiveCfg = Debug|Any CPU
		{0ADB37E2-520F-46C0-A297-B7C4CF5DFD4F}.Debug|Any CPU.Build.0 = Debug|Any CPU
		{0ADB37E2-520F-46C0-A297-B7C4CF5DFD4F}.Release|Any CPU.ActiveCfg = Release|Any CPU
		{0ADB37E2-520F-46C0-A297-B7C4CF5DFD4F}.Release|Any CPU.Build.0 = Release|Any CPU
		{7F8E6358-5928-44A2-94BA-80C7D5FAAD33}.Debug|Any CPU.ActiveCfg = Debug|Any CPU
		{7F8E6358-5928-44A2-94BA-80C7D5FAAD33}.Debug|Any CPU.Build.0 = Debug|Any CPU
		{7F8E6358-5928-44A2-94BA-80C7D5FAAD33}.Release|Any CPU.ActiveCfg = Release|Any CPU
		{7F8E6358-5928-44A2-94BA-80C7D5FAAD33}.Release|Any CPU.Build.0 = Release|Any CPU
		{2CAB82DB-97E5-4F0D-BA84-E1726AC15617}.Debug|Any CPU.ActiveCfg = Debug|Any CPU
		{2CAB82DB-97E5-4F0D-BA84-E1726AC15617}.Debug|Any CPU.Build.0 = Debug|Any CPU
		{2CAB82DB-97E5-4F0D-BA84-E1726AC15617}.Release|Any CPU.ActiveCfg = Release|Any CPU
		{2CAB82DB-97E5-4F0D-BA84-E1726AC15617}.Release|Any CPU.Build.0 = Release|Any CPU
		{3B3EB403-5BBB-4A30-82E1-7F2520B81968}.Debug|Any CPU.ActiveCfg = Debug|Any CPU
		{3B3EB403-5BBB-4A30-82E1-7F2520B81968}.Debug|Any CPU.Build.0 = Debug|Any CPU
		{3B3EB403-5BBB-4A30-82E1-7F2520B81968}.Release|Any CPU.ActiveCfg = Release|Any CPU
		{3B3EB403-5BBB-4A30-82E1-7F2520B81968}.Release|Any CPU.Build.0 = Release|Any CPU
		{EBA260A5-E8DA-4E34-AB80-1523E6B63048}.Debug|Any CPU.ActiveCfg = Debug|Any CPU
		{EBA260A5-E8DA-4E34-AB80-1523E6B63048}.Debug|Any CPU.Build.0 = Debug|Any CPU
		{EBA260A5-E8DA-4E34-AB80-1523E6B63048}.Release|Any CPU.ActiveCfg = Release|Any CPU
		{EBA260A5-E8DA-4E34-AB80-1523E6B63048}.Release|Any CPU.Build.0 = Release|Any CPU
		{FA887D50-EB9B-4A47-852F-9E6209A26739}.Debug|Any CPU.ActiveCfg = Debug|Any CPU
		{FA887D50-EB9B-4A47-852F-9E6209A26739}.Debug|Any CPU.Build.0 = Debug|Any CPU
		{FA887D50-EB9B-4A47-852F-9E6209A26739}.Release|Any CPU.ActiveCfg = Release|Any CPU
		{FA887D50-EB9B-4A47-852F-9E6209A26739}.Release|Any CPU.Build.0 = Release|Any CPU
		{555A9F3F-509E-4CAB-A569-27C885DA1DFE}.Debug|Any CPU.ActiveCfg = Debug|Any CPU
		{555A9F3F-509E-4CAB-A569-27C885DA1DFE}.Debug|Any CPU.Build.0 = Debug|Any CPU
		{555A9F3F-509E-4CAB-A569-27C885DA1DFE}.Release|Any CPU.ActiveCfg = Release|Any CPU
		{555A9F3F-509E-4CAB-A569-27C885DA1DFE}.Release|Any CPU.Build.0 = Release|Any CPU
		{3F532F51-485C-4D32-B6C9-3FE161FBF451}.Debug|Any CPU.ActiveCfg = Debug|Any CPU
		{3F532F51-485C-4D32-B6C9-3FE161FBF451}.Debug|Any CPU.Build.0 = Debug|Any CPU
		{3F532F51-485C-4D32-B6C9-3FE161FBF451}.Release|Any CPU.ActiveCfg = Release|Any CPU
		{3F532F51-485C-4D32-B6C9-3FE161FBF451}.Release|Any CPU.Build.0 = Release|Any CPU
		{2A9E6DD0-45F8-4F7D-9A60-2111E30FE7B5}.Debug|Any CPU.ActiveCfg = Debug|Any CPU
		{2A9E6DD0-45F8-4F7D-9A60-2111E30FE7B5}.Debug|Any CPU.Build.0 = Debug|Any CPU
		{2A9E6DD0-45F8-4F7D-9A60-2111E30FE7B5}.Release|Any CPU.ActiveCfg = Release|Any CPU
		{2A9E6DD0-45F8-4F7D-9A60-2111E30FE7B5}.Release|Any CPU.Build.0 = Release|Any CPU
		{937AF7AF-8CEA-41D0-8F86-204994A5DE7C}.Debug|Any CPU.ActiveCfg = Debug|Any CPU
		{937AF7AF-8CEA-41D0-8F86-204994A5DE7C}.Debug|Any CPU.Build.0 = Debug|Any CPU
		{937AF7AF-8CEA-41D0-8F86-204994A5DE7C}.Release|Any CPU.ActiveCfg = Release|Any CPU
		{937AF7AF-8CEA-41D0-8F86-204994A5DE7C}.Release|Any CPU.Build.0 = Release|Any CPU
	EndGlobalSection
	GlobalSection(SolutionProperties) = preSolution
		HideSolutionNode = FALSE
	EndGlobalSection
	GlobalSection(NestedProjects) = preSolution
		{E3B20FB6-9401-415D-95E5-281B8EB34F12} = {FA9B9DCA-8FC9-4366-8C98-2180A004D14B}
		{36EA4103-EC77-4875-95D8-69BB42552AB7} = {FA9B9DCA-8FC9-4366-8C98-2180A004D14B}
		{29671074-F9DB-4A6D-AEA5-0C4691F0B24B} = {E3B20FB6-9401-415D-95E5-281B8EB34F12}
		{B75C86F9-E153-421B-AB6C-2E0D8FDA97B4} = {29671074-F9DB-4A6D-AEA5-0C4691F0B24B}
		{0ADB37E2-520F-46C0-A297-B7C4CF5DFD4F} = {29671074-F9DB-4A6D-AEA5-0C4691F0B24B}
		{7F8E6358-5928-44A2-94BA-80C7D5FAAD33} = {29671074-F9DB-4A6D-AEA5-0C4691F0B24B}
		{2CAB82DB-97E5-4F0D-BA84-E1726AC15617} = {29671074-F9DB-4A6D-AEA5-0C4691F0B24B}
		{3B3EB403-5BBB-4A30-82E1-7F2520B81968} = {36EA4103-EC77-4875-95D8-69BB42552AB7}
		{EBA260A5-E8DA-4E34-AB80-1523E6B63048} = {36EA4103-EC77-4875-95D8-69BB42552AB7}
		{685C38E6-99C4-4A43-AC45-27191AA34C4D} = {E3B20FB6-9401-415D-95E5-281B8EB34F12}
		{FA887D50-EB9B-4A47-852F-9E6209A26739} = {685C38E6-99C4-4A43-AC45-27191AA34C4D}
		{10474E3F-50C0-47DE-A62C-4D27DAE72BA6} = {E3B20FB6-9401-415D-95E5-281B8EB34F12}
		{555A9F3F-509E-4CAB-A569-27C885DA1DFE} = {10474E3F-50C0-47DE-A62C-4D27DAE72BA6}
		{3F532F51-485C-4D32-B6C9-3FE161FBF451} = {10474E3F-50C0-47DE-A62C-4D27DAE72BA6}
		{2A9E6DD0-45F8-4F7D-9A60-2111E30FE7B5} = {10474E3F-50C0-47DE-A62C-4D27DAE72BA6}
		{937AF7AF-8CEA-41D0-8F86-204994A5DE7C} = {10474E3F-50C0-47DE-A62C-4D27DAE72BA6}
	EndGlobalSection
	GlobalSection(ExtensibilityGlobals) = postSolution
		SolutionGuid = {27C78D29-8754-42B9-BC22-81F3228DAE45}
	EndGlobalSection
EndGlobal
